
Microsoft Visual Studio Solution File, Format Version 12.00
# Visual Studio 2012
Project("{FAE04EC0-301F-11D3-BF4B-00C04F79EFBC}") = "StudentApplication", "StudentApplication\StudentApplication.csproj", "{AE6E1C02-FFEB-4F4A-BE2B-1614BE3AB135}"
EndProject
Project("{FAE04EC0-301F-11D3-BF4B-00C04F79EFBC}") = "StudentApplication.Tests", "StudentApplication.Tests\StudentApplication.Tests.csproj", "{9E007CA8-FC15-49AD-B3D9-7CA208961B4F}"
EndProject
Project("{FAE04EC0-301F-11D3-BF4B-00C04F79EFBC}") = "Domain", "Domain\Domain.csproj", "{37061A7C-80A6-4192-9F33-B2A5BCE18FFE}"
EndProject
Global
	GlobalSection(SolutionConfigurationPlatforms) = preSolution
		Debug|Any CPU = Debug|Any CPU
		Release|Any CPU = Release|Any CPU
	EndGlobalSection
	GlobalSection(ProjectConfigurationPlatforms) = postSolution
		{AE6E1C02-FFEB-4F4A-BE2B-1614BE3AB135}.Debug|Any CPU.ActiveCfg = Debug|Any CPU
		{AE6E1C02-FFEB-4F4A-BE2B-1614BE3AB135}.Debug|Any CPU.Build.0 = Debug|Any CPU
		{AE6E1C02-FFEB-4F4A-BE2B-1614BE3AB135}.Release|Any CPU.ActiveCfg = Release|Any CPU
		{AE6E1C02-FFEB-4F4A-BE2B-1614BE3AB135}.Release|Any CPU.Build.0 = Release|Any CPU
		{9E007CA8-FC15-49AD-B3D9-7CA208961B4F}.Debug|Any CPU.ActiveCfg = Debug|Any CPU
		{9E007CA8-FC15-49AD-B3D9-7CA208961B4F}.Debug|Any CPU.Build.0 = Debug|Any CPU
		{9E007CA8-FC15-49AD-B3D9-7CA208961B4F}.Release|Any CPU.ActiveCfg = Release|Any CPU
		{9E007CA8-FC15-49AD-B3D9-7CA208961B4F}.Release|Any CPU.Build.0 = Release|Any CPU
		{37061A7C-80A6-4192-9F33-B2A5BCE18FFE}.Debug|Any CPU.ActiveCfg = Debug|Any CPU
		{37061A7C-80A6-4192-9F33-B2A5BCE18FFE}.Debug|Any CPU.Build.0 = Debug|Any CPU
		{37061A7C-80A6-4192-9F33-B2A5BCE18FFE}.Release|Any CPU.ActiveCfg = Release|Any CPU
		{37061A7C-80A6-4192-9F33-B2A5BCE18FFE}.Release|Any CPU.Build.0 = Release|Any CPU
	EndGlobalSection
	GlobalSection(SolutionProperties) = preSolution
		HideSolutionNode = FALSE
	EndGlobalSection
EndGlobal
